// !$*UTF8*$!
{
	archiveVersion = 1;
	classes = {
	};
	objectVersion = 55;
	objects = {

/* Begin PBXBuildFile section */
		64AD5E5F28CA541A009EC38D /* SwiftRobotExampleApp.swift in Sources */ = {isa = PBXBuildFile; fileRef = 64AD5E5E28CA541A009EC38D /* SwiftRobotExampleApp.swift */; };
		64AD5E6128CA541A009EC38D /* ContentView.swift in Sources */ = {isa = PBXBuildFile; fileRef = 64AD5E6028CA541A009EC38D /* ContentView.swift */; };
		64AD5E6328CA541B009EC38D /* Assets.xcassets in Resources */ = {isa = PBXBuildFile; fileRef = 64AD5E6228CA541B009EC38D /* Assets.xcassets */; };
		64AD5E6628CA541B009EC38D /* Preview Assets.xcassets in Resources */ = {isa = PBXBuildFile; fileRef = 64AD5E6528CA541B009EC38D /* Preview Assets.xcassets */; };
		64AD5E7128CA5457009EC38D /* SwiftRobot in Frameworks */ = {isa = PBXBuildFile; productRef = 64AD5E7028CA5457009EC38D /* SwiftRobot */; };
/* End PBXBuildFile section */

/* Begin PBXFileReference section */
		64AD5E5B28CA541A009EC38D /* SwiftRobotExample.app */ = {isa = PBXFileReference; explicitFileType = wrapper.application; includeInIndex = 0; path = SwiftRobotExample.app; sourceTree = BUILT_PRODUCTS_DIR; };
		64AD5E5E28CA541A009EC38D /* SwiftRobotExampleApp.swift */ = {isa = PBXFileReference; lastKnownFileType = sourcecode.swift; path = SwiftRobotExampleApp.swift; sourceTree = "<group>"; };
		64AD5E6028CA541A009EC38D /* ContentView.swift */ = {isa = PBXFileReference; lastKnownFileType = sourcecode.swift; path = ContentView.swift; sourceTree = "<group>"; };
		64AD5E6228CA541B009EC38D /* Assets.xcassets */ = {isa = PBXFileReference; lastKnownFileType = folder.assetcatalog; path = Assets.xcassets; sourceTree = "<group>"; };
		64AD5E6528CA541B009EC38D /* Preview Assets.xcassets */ = {isa = PBXFileReference; lastKnownFileType = folder.assetcatalog; path = "Preview Assets.xcassets"; sourceTree = "<group>"; };
		64AD5E6728CA541B009EC38D /* SwiftRobotExample.entitlements */ = {isa = PBXFileReference; lastKnownFileType = text.plist.entitlements; path = SwiftRobotExample.entitlements; sourceTree = "<group>"; };
		64AD5E6E28CA5441009EC38D /* SwiftRobot */ = {isa = PBXFileReference; lastKnownFileType = wrapper; name = SwiftRobot; path = ..; sourceTree = "<group>"; };
/* End PBXFileReference section */

/* Begin PBXFrameworksBuildPhase section */
		64AD5E5828CA541A009EC38D /* Frameworks */ = {
			isa = PBXFrameworksBuildPhase;
			buildActionMask = 2147483647;
			files = (
				64AD5E7128CA5457009EC38D /* SwiftRobot in Frameworks */,
			);
			runOnlyForDeploymentPostprocessing = 0;
		};
/* End PBXFrameworksBuildPhase section */

/* Begin PBXGroup section */
		64AD5E5228CA541A009EC38D = {
			isa = PBXGroup;
			children = (
				64AD5E6E28CA5441009EC38D /* SwiftRobot */,
				64AD5E5D28CA541A009EC38D /* SwiftRobotExample */,
				64AD5E5C28CA541A009EC38D /* Products */,
				64AD5E6F28CA5457009EC38D /* Frameworks */,
			);
			sourceTree = "<group>";
		};
		64AD5E5C28CA541A009EC38D /* Products */ = {
			isa = PBXGroup;
			children = (
				64AD5E5B28CA541A009EC38D /* SwiftRobotExample.app */,
			);
			name = Products;
			sourceTree = "<group>";
		};
		64AD5E5D28CA541A009EC38D /* SwiftRobotExample */ = {
			isa = PBXGroup;
			children = (
				64AD5E5E28CA541A009EC38D /* SwiftRobotExampleApp.swift */,
				64AD5E6028CA541A009EC38D /* ContentView.swift */,
				64AD5E6228CA541B009EC38D /* Assets.xcassets */,
				64AD5E6728CA541B009EC38D /* SwiftRobotExample.entitlements */,
				64AD5E6428CA541B009EC38D /* Preview Content */,
			);
			path = SwiftRobotExample;
			sourceTree = "<group>";
		};
		64AD5E6428CA541B009EC38D /* Preview Content */ = {
			isa = PBXGroup;
			children = (
				64AD5E6528CA541B009EC38D /* Preview Assets.xcassets */,
			);
			path = "Preview Content";
			sourceTree = "<group>";
		};
		64AD5E6F28CA5457009EC38D /* Frameworks */ = {
			isa = PBXGroup;
			children = (
			);
			name = Frameworks;
			sourceTree = "<group>";
		};
/* End PBXGroup section */

/* Begin PBXNativeTarget section */
		64AD5E5A28CA541A009EC38D /* SwiftRobotExample */ = {
			isa = PBXNativeTarget;
			buildConfigurationList = 64AD5E6A28CA541B009EC38D /* Build configuration list for PBXNativeTarget "SwiftRobotExample" */;
			buildPhases = (
				64AD5E5728CA541A009EC38D /* Sources */,
				64AD5E5828CA541A009EC38D /* Frameworks */,
				64AD5E5928CA541A009EC38D /* Resources */,
			);
			buildRules = (
			);
			dependencies = (
			);
			name = SwiftRobotExample;
			packageProductDependencies = (
				64AD5E7028CA5457009EC38D /* SwiftRobot */,
			);
			productName = SwiftRobotExample;
			productReference = 64AD5E5B28CA541A009EC38D /* SwiftRobotExample.app */;
			productType = "com.apple.product-type.application";
		};
/* End PBXNativeTarget section */

/* Begin PBXProject section */
		64AD5E5328CA541A009EC38D /* Project object */ = {
			isa = PBXProject;
			attributes = {
				BuildIndependentTargetsInParallel = 1;
				LastSwiftUpdateCheck = 1340;
				LastUpgradeCheck = 1340;
				TargetAttributes = {
					64AD5E5A28CA541A009EC38D = {
						CreatedOnToolsVersion = 13.4.1;
					};
				};
			};
			buildConfigurationList = 64AD5E5628CA541A009EC38D /* Build configuration list for PBXProject "SwiftRobotExample" */;
			compatibilityVersion = "Xcode 13.0";
			developmentRegion = en;
			hasScannedForEncodings = 0;
			knownRegions = (
				en,
				Base,
			);
			mainGroup = 64AD5E5228CA541A009EC38D;
			productRefGroup = 64AD5E5C28CA541A009EC38D /* Products */;
			projectDirPath = "";
			projectRoot = "";
			targets = (
				64AD5E5A28CA541A009EC38D /* SwiftRobotExample */,
			);
		};
/* End PBXProject section */

/* Begin PBXResourcesBuildPhase section */
		64AD5E5928CA541A009EC38D /* Resources */ = {
			isa = PBXResourcesBuildPhase;
			buildActionMask = 2147483647;
			files = (
				64AD5E6628CA541B009EC38D /* Preview Assets.xcassets in Resources */,
				64AD5E6328CA541B009EC38D /* Assets.xcassets in Resources */,
			);
			runOnlyForDeploymentPostprocessing = 0;
		};
/* End PBXResourcesBuildPhase section */

/* Begin PBXSourcesBuildPhase section */
		64AD5E5728CA541A009EC38D /* Sources */ = {
			isa = PBXSourcesBuildPhase;
			buildActionMask = 2147483647;
			files = (
				64AD5E6128CA541A009EC38D /* ContentView.swift in Sources */,
				64AD5E5F28CA541A009EC38D /* SwiftRobotExampleApp.swift in Sources */,
			);
			runOnlyForDeploymentPostprocessing = 0;
		};
/* End PBXSourcesBuildPhase section */

/* Begin XCBuildConfiguration section */
		64AD5E6828CA541B009EC38D /* Debug */ = {
			isa = XCBuildConfiguration;
			buildSettings = {
				ALWAYS_SEARCH_USER_PATHS = NO;
				CLANG_ANALYZER_NONNULL = YES;
				CLANG_ANALYZER_NUMBER_OBJECT_CONVERSION = YES_AGGRESSIVE;
				CLANG_CXX_LANGUAGE_STANDARD = "gnu++17";
				CLANG_ENABLE_MODULES = YES;
				CLANG_ENABLE_OBJC_ARC = YES;
				CLANG_ENABLE_OBJC_WEAK = YES;
				CLANG_WARN_BLOCK_CAPTURE_AUTORELEASING = YES;
				CLANG_WARN_BOOL_CONVERSION = YES;
				CLANG_WARN_COMMA = YES;
				CLANG_WARN_CONSTANT_CONVERSION = YES;
				CLANG_WARN_DEPRECATED_OBJC_IMPLEMENTATIONS = YES;
				CLANG_WARN_DIRECT_OBJC_ISA_USAGE = YES_ERROR;
				CLANG_WARN_DOCUMENTATION_COMMENTS = YES;
				CLANG_WARN_EMPTY_BODY = YES;
				CLANG_WARN_ENUM_CONVERSION = YES;
				CLANG_WARN_INFINITE_RECURSION = YES;
				CLANG_WARN_INT_CONVERSION = YES;
				CLANG_WARN_NON_LITERAL_NULL_CONVERSION = YES;
				CLANG_WARN_OBJC_IMPLICIT_RETAIN_SELF = YES;
				CLANG_WARN_OBJC_LITERAL_CONVERSION = YES;
				CLANG_WARN_OBJC_ROOT_CLASS = YES_ERROR;
				CLANG_WARN_QUOTED_INCLUDE_IN_FRAMEWORK_HEADER = YES;
				CLANG_WARN_RANGE_LOOP_ANALYSIS = YES;
				CLANG_WARN_STRICT_PROTOTYPES = YES;
				CLANG_WARN_SUSPICIOUS_MOVE = YES;
				CLANG_WARN_UNGUARDED_AVAILABILITY = YES_AGGRESSIVE;
				CLANG_WARN_UNREACHABLE_CODE = YES;
				CLANG_WARN__DUPLICATE_METHOD_MATCH = YES;
				COPY_PHASE_STRIP = NO;
				DEBUG_INFORMATION_FORMAT = dwarf;
				ENABLE_STRICT_OBJC_MSGSEND = YES;
				ENABLE_TESTABILITY = YES;
				GCC_C_LANGUAGE_STANDARD = gnu11;
				GCC_DYNAMIC_NO_PIC = NO;
				GCC_NO_COMMON_BLOCKS = YES;
				GCC_OPTIMIZATION_LEVEL = 0;
				GCC_PREPROCESSOR_DEFINITIONS = (
					"DEBUG=1",
					"$(inherited)",
				);
				GCC_WARN_64_TO_32_BIT_CONVERSION = YES;
				GCC_WARN_ABOUT_RETURN_TYPE = YES_ERROR;
				GCC_WARN_UNDECLARED_SELECTOR = YES;
				GCC_WARN_UNINITIALIZED_AUTOS = YES_AGGRESSIVE;
				GCC_WARN_UNUSED_FUNCTION = YES;
				GCC_WARN_UNUSED_VARIABLE = YES;
				MACOSX_DEPLOYMENT_TARGET = 12.3;
				MTL_ENABLE_DEBUG_INFO = INCLUDE_SOURCE;
				MTL_FAST_MATH = YES;
				ONLY_ACTIVE_ARCH = YES;
				SDKROOT = macosx;
				SWIFT_ACTIVE_COMPILATION_CONDITIONS = DEBUG;
				SWIFT_OPTIMIZATION_LEVEL = "-Onone";
			};
			name = Debug;
		};
		64AD5E6928CA541B009EC38D /* Release */ = {
			isa = XCBuildConfiguration;
			buildSettings = {
				ALWAYS_SEARCH_USER_PATHS = NO;
				CLANG_ANALYZER_NONNULL = YES;
				CLANG_ANALYZER_NUMBER_OBJECT_CONVERSION = YES_AGGRESSIVE;
				CLANG_CXX_LANGUAGE_STANDARD = "gnu++17";
				CLANG_ENABLE_MODULES = YES;
				CLANG_ENABLE_OBJC_ARC = YES;
				CLANG_ENABLE_OBJC_WEAK = YES;
				CLANG_WARN_BLOCK_CAPTURE_AUTORELEASING = YES;
				CLANG_WARN_BOOL_CONVERSION = YES;
				CLANG_WARN_COMMA = YES;
				CLANG_WARN_CONSTANT_CONVERSION = YES;
				CLANG_WARN_DEPRECATED_OBJC_IMPLEMENTATIONS = YES;
				CLANG_WARN_DIRECT_OBJC_ISA_USAGE = YES_ERROR;
				CLANG_WARN_DOCUMENTATION_COMMENTS = YES;
				CLANG_WARN_EMPTY_BODY = YES;
				CLANG_WARN_ENUM_CONVERSION = YES;
				CLANG_WARN_INFINITE_RECURSION = YES;
				CLANG_WARN_INT_CONVERSION = YES;
				CLANG_WARN_NON_LITERAL_NULL_CONVERSION = YES;
				CLANG_WARN_OBJC_IMPLICIT_RETAIN_SELF = YES;
				CLANG_WARN_OBJC_LITERAL_CONVERSION = YES;
				CLANG_WARN_OBJC_ROOT_CLASS = YES_ERROR;
				CLANG_WARN_QUOTED_INCLUDE_IN_FRAMEWORK_HEADER = YES;
				CLANG_WARN_RANGE_LOOP_ANALYSIS = YES;
				CLANG_WARN_STRICT_PROTOTYPES = YES;
				CLANG_WARN_SUSPICIOUS_MOVE = YES;
				CLANG_WARN_UNGUARDED_AVAILABILITY = YES_AGGRESSIVE;
				CLANG_WARN_UNREACHABLE_CODE = YES;
				CLANG_WARN__DUPLICATE_METHOD_MATCH = YES;
				COPY_PHASE_STRIP = NO;
				DEBUG_INFORMATION_FORMAT = "dwarf-with-dsym";
				ENABLE_NS_ASSERTIONS = NO;
				ENABLE_STRICT_OBJC_MSGSEND = YES;
				GCC_C_LANGUAGE_STANDARD = gnu11;
				GCC_NO_COMMON_BLOCKS = YES;
				GCC_WARN_64_TO_32_BIT_CONVERSION = YES;
				GCC_WARN_ABOUT_RETURN_TYPE = YES_ERROR;
				GCC_WARN_UNDECLARED_SELECTOR = YES;
				GCC_WARN_UNINITIALIZED_AUTOS = YES_AGGRESSIVE;
				GCC_WARN_UNUSED_FUNCTION = YES;
				GCC_WARN_UNUSED_VARIABLE = YES;
				MACOSX_DEPLOYMENT_TARGET = 12.3;
				MTL_ENABLE_DEBUG_INFO = NO;
				MTL_FAST_MATH = YES;
				SDKROOT = macosx;
				SWIFT_COMPILATION_MODE = wholemodule;
				SWIFT_OPTIMIZATION_LEVEL = "-O";
			};
			name = Release;
		};
		64AD5E6B28CA541B009EC38D /* Debug */ = {
			isa = XCBuildConfiguration;
			buildSettings = {
				ASSETCATALOG_COMPILER_APPICON_NAME = AppIcon;
				ASSETCATALOG_COMPILER_GLOBAL_ACCENT_COLOR_NAME = AccentColor;
				CODE_SIGN_ENTITLEMENTS = SwiftRobotExample/SwiftRobotExample.entitlements;
				CODE_SIGN_STYLE = Automatic;
				COMBINE_HIDPI_IMAGES = YES;
				CURRENT_PROJECT_VERSION = 1;
				DEVELOPMENT_ASSET_PATHS = "\"SwiftRobotExample/Preview Content\"";
				ENABLE_PREVIEWS = YES;
				GENERATE_INFOPLIST_FILE = YES;
				INFOPLIST_KEY_NSHumanReadableCopyright = "";
				LD_RUNPATH_SEARCH_PATHS = (
					"$(inherited)",
					"@executable_path/../Frameworks",
				);
				MARKETING_VERSION = 1.0;
				PRODUCT_BUNDLE_IDENTIFIER = leif.swiftrobot.SwiftRobotExample;
				PRODUCT_NAME = "$(TARGET_NAME)";
				SWIFT_EMIT_LOC_STRINGS = YES;
				SWIFT_VERSION = 5.0;
			};
			name = Debug;
		};
		64AD5E6C28CA541B009EC38D /* Release */ = {
			isa = XCBuildConfiguration;
			buildSettings = {
				ASSETCATALOG_COMPILER_APPICON_NAME = AppIcon;
				ASSETCATALOG_COMPILER_GLOBAL_ACCENT_COLOR_NAME = AccentColor;
				CODE_SIGN_ENTITLEMENTS = SwiftRobotExample/SwiftRobotExample.entitlements;
				CODE_SIGN_STYLE = Automatic;
				COMBINE_HIDPI_IMAGES = YES;
				CURRENT_PROJECT_VERSION = 1;
				DEVELOPMENT_ASSET_PATHS = "\"SwiftRobotExample/Preview Content\"";
				ENABLE_PREVIEWS = YES;
				GENERATE_INFOPLIST_FILE = YES;
				INFOPLIST_KEY_NSHumanReadableCopyright = "";
				LD_RUNPATH_SEARCH_PATHS = (
					"$(inherited)",
					"@executable_path/../Frameworks",
				);
				MARKETING_VERSION = 1.0;
				PRODUCT_BUNDLE_IDENTIFIER = leif.swiftrobot.SwiftRobotExample;
				PRODUCT_NAME = "$(TARGET_NAME)";
				SWIFT_EMIT_LOC_STRINGS = YES;
				SWIFT_VERSION = 5.0;
			};
			name = Release;
		};
/* End XCBuildConfiguration section */

/* Begin XCConfigurationList section */
		64AD5E5628CA541A009EC38D /* Build configuration list for PBXProject "SwiftRobotExample" */ = {
			isa = XCConfigurationList;
			buildConfigurations = (
				64AD5E6828CA541B009EC38D /* Debug */,
				64AD5E6928CA541B009EC38D /* Release */,
			);
			defaultConfigurationIsVisible = 0;
			defaultConfigurationName = Release;
		};
		64AD5E6A28CA541B009EC38D /* Build configuration list for PBXNativeTarget "SwiftRobotExample" */ = {
			isa = XCConfigurationList;
			buildConfigurations = (
				64AD5E6B28CA541B009EC38D /* Debug */,
				64AD5E6C28CA541B009EC38D /* Release */,
			);
			defaultConfigurationIsVisible = 0;
			defaultConfigurationName = Release;
		};
/* End XCConfigurationList section */

/* Begin XCSwiftPackageProductDependency section */
		64AD5E7028CA5457009EC38D /* SwiftRobot */ = {
			isa = XCSwiftPackageProductDependency;
			productName = SwiftRobot;
		};
/* End XCSwiftPackageProductDependency section */
	};
	rootObject = 64AD5E5328CA541A009EC38D /* Project object */;
}
